
Microsoft Visual Studio Solution File, Format Version 12.00
# Visual Studio Version 16
VisualStudioVersion = 16.0.31112.23
MinimumVisualStudioVersion = 10.0.40219.1
Project("{FAE04EC0-301F-11D3-BF4B-00C04F79EFBC}") = "WebAppPhotoSharing", "WebAppPhotoSharing\WebAppPhotoSharing.csproj", "{8626D7EE-5F7E-40DE-BD72-1FFF8F00512E}"
EndProject
Project("{FAE04EC0-301F-11D3-BF4B-00C04F79EFBC}") = "PhotoSharingTests", "PhotoSharingTests\PhotoSharingTests.csproj", "{4FD4010E-8BD3-4A56-BBA3-27BCCACC6DEA}"
EndProject
Global
	GlobalSection(SolutionConfigurationPlatforms) = preSolution
		Debug|Any CPU = Debug|Any CPU
		Release|Any CPU = Release|Any CPU
	EndGlobalSection
	GlobalSection(ProjectConfigurationPlatforms) = postSolution
		{8626D7EE-5F7E-40DE-BD72-1FFF8F00512E}.Debug|Any CPU.ActiveCfg = Debug|Any CPU
		{8626D7EE-5F7E-40DE-BD72-1FFF8F00512E}.Debug|Any CPU.Build.0 = Debug|Any CPU
		{8626D7EE-5F7E-40DE-BD72-1FFF8F00512E}.Release|Any CPU.ActiveCfg = Release|Any CPU
		{8626D7EE-5F7E-40DE-BD72-1FFF8F00512E}.Release|Any CPU.Build.0 = Release|Any CPU
		{4FD4010E-8BD3-4A56-BBA3-27BCCACC6DEA}.Debug|Any CPU.ActiveCfg = Debug|Any CPU
		{4FD4010E-8BD3-4A56-BBA3-27BCCACC6DEA}.Debug|Any CPU.Build.0 = Debug|Any CPU
		{4FD4010E-8BD3-4A56-BBA3-27BCCACC6DEA}.Release|Any CPU.ActiveCfg = Release|Any CPU
		{4FD4010E-8BD3-4A56-BBA3-27BCCACC6DEA}.Release|Any CPU.Build.0 = Release|Any CPU
	EndGlobalSection
	GlobalSection(SolutionProperties) = preSolution
		HideSolutionNode = FALSE
	EndGlobalSection
	GlobalSection(ExtensibilityGlobals) = postSolution
		SolutionGuid = {C0F8D281-0527-4E25-8A5B-855713E368B1}
	EndGlobalSection
EndGlobal
