
Microsoft Visual Studio Solution File, Format Version 12.00
# Visual Studio Version 16
VisualStudioVersion = 16.0.31105.61
MinimumVisualStudioVersion = 10.0.40219.1
Project("{FAE04EC0-301F-11D3-BF4B-00C04F79EFBC}") = "Accenture.Accademy.IntroC.Banco", "Accenture.Accademy.IntroC.Banco.csproj", "{830B65D0-2A57-4C99-8E41-1FFC8B16FCBE}"
EndProject
Global
	GlobalSection(SolutionConfigurationPlatforms) = preSolution
		Debug|Any CPU = Debug|Any CPU
		Release|Any CPU = Release|Any CPU
	EndGlobalSection
	GlobalSection(ProjectConfigurationPlatforms) = postSolution
		{830B65D0-2A57-4C99-8E41-1FFC8B16FCBE}.Debug|Any CPU.ActiveCfg = Debug|Any CPU
		{830B65D0-2A57-4C99-8E41-1FFC8B16FCBE}.Debug|Any CPU.Build.0 = Debug|Any CPU
		{830B65D0-2A57-4C99-8E41-1FFC8B16FCBE}.Release|Any CPU.ActiveCfg = Release|Any CPU
		{830B65D0-2A57-4C99-8E41-1FFC8B16FCBE}.Release|Any CPU.Build.0 = Release|Any CPU
	EndGlobalSection
	GlobalSection(SolutionProperties) = preSolution
		HideSolutionNode = FALSE
	EndGlobalSection
	GlobalSection(ExtensibilityGlobals) = postSolution
		SolutionGuid = {72C1E9C7-DAA2-4490-81AE-AA4E82120419}
	EndGlobalSection
EndGlobal
