
Microsoft Visual Studio Solution File, Format Version 12.00
# Visual Studio Version 16
VisualStudioVersion = 16.0.31105.61
MinimumVisualStudioVersion = 10.0.40219.1
Project("{FAE04EC0-301F-11D3-BF4B-00C04F79EFBC}") = "Accenture.Academy.IntroC.Clase2", "Accenture.Academy.IntroC.Clase2.csproj", "{8DA9ADBC-69C9-4AE2-A32E-4857F07A0700}"
EndProject
Global
	GlobalSection(SolutionConfigurationPlatforms) = preSolution
		Debug|Any CPU = Debug|Any CPU
		Release|Any CPU = Release|Any CPU
	EndGlobalSection
	GlobalSection(ProjectConfigurationPlatforms) = postSolution
		{8DA9ADBC-69C9-4AE2-A32E-4857F07A0700}.Debug|Any CPU.ActiveCfg = Debug|Any CPU
		{8DA9ADBC-69C9-4AE2-A32E-4857F07A0700}.Debug|Any CPU.Build.0 = Debug|Any CPU
		{8DA9ADBC-69C9-4AE2-A32E-4857F07A0700}.Release|Any CPU.ActiveCfg = Release|Any CPU
		{8DA9ADBC-69C9-4AE2-A32E-4857F07A0700}.Release|Any CPU.Build.0 = Release|Any CPU
	EndGlobalSection
	GlobalSection(SolutionProperties) = preSolution
		HideSolutionNode = FALSE
	EndGlobalSection
	GlobalSection(ExtensibilityGlobals) = postSolution
		SolutionGuid = {91D7496C-7099-4938-9B4F-089163D62703}
	EndGlobalSection
EndGlobal
