
Microsoft Visual Studio Solution File, Format Version 12.00
# Visual Studio Version 16
VisualStudioVersion = 16.0.31112.23
MinimumVisualStudioVersion = 10.0.40219.1
Project("{FAE04EC0-301F-11D3-BF4B-00C04F79EFBC}") = "Accenture.Academy.IntroC.Figuras", "Accenture.Academy.IntroC.Figuras.csproj", "{C9D23E66-D0F2-4DF0-9E4B-6EDA12A2DB14}"
EndProject
Global
	GlobalSection(SolutionConfigurationPlatforms) = preSolution
		Debug|Any CPU = Debug|Any CPU
		Release|Any CPU = Release|Any CPU
	EndGlobalSection
	GlobalSection(ProjectConfigurationPlatforms) = postSolution
		{C9D23E66-D0F2-4DF0-9E4B-6EDA12A2DB14}.Debug|Any CPU.ActiveCfg = Debug|Any CPU
		{C9D23E66-D0F2-4DF0-9E4B-6EDA12A2DB14}.Debug|Any CPU.Build.0 = Debug|Any CPU
		{C9D23E66-D0F2-4DF0-9E4B-6EDA12A2DB14}.Release|Any CPU.ActiveCfg = Release|Any CPU
		{C9D23E66-D0F2-4DF0-9E4B-6EDA12A2DB14}.Release|Any CPU.Build.0 = Release|Any CPU
	EndGlobalSection
	GlobalSection(SolutionProperties) = preSolution
		HideSolutionNode = FALSE
	EndGlobalSection
	GlobalSection(ExtensibilityGlobals) = postSolution
		SolutionGuid = {0315581A-E8D7-4FD9-B6FB-5BEF28BAE586}
	EndGlobalSection
EndGlobal
